// !$*UTF8*$!
{
	archiveVersion = 1;
	classes = {
	};
	objectVersion = 46;
	objects = {

/* Begin PBXBuildFile section */
		210999DD1E8A011700F79981 /* AppDelegate.swift in Sources */ = {isa = PBXBuildFile; fileRef = 210999DC1E8A011700F79981 /* AppDelegate.swift */; };
		210999DF1E8A011700F79981 /* ViewController.swift in Sources */ = {isa = PBXBuildFile; fileRef = 210999DE1E8A011700F79981 /* ViewController.swift */; };
		210999E21E8A011700F79981 /* Main.storyboard in Resources */ = {isa = PBXBuildFile; fileRef = 210999E01E8A011700F79981 /* Main.storyboard */; };
		210999E41E8A011700F79981 /* Assets.xcassets in Resources */ = {isa = PBXBuildFile; fileRef = 210999E31E8A011700F79981 /* Assets.xcassets */; };
		210999E71E8A011700F79981 /* LaunchScreen.storyboard in Resources */ = {isa = PBXBuildFile; fileRef = 210999E51E8A011700F79981 /* LaunchScreen.storyboard */; };
/* End PBXBuildFile section */

/* Begin PBXFileReference section */
		210999D91E8A011700F79981 /* NewProj.app */ = {isa = PBXFileReference; explicitFileType = wrapper.application; includeInIndex = 0; path = NewProj.app; sourceTree = BUILT_PRODUCTS_DIR; };
		210999DC1E8A011700F79981 /* AppDelegate.swift */ = {isa = PBXFileReference; lastKnownFileType = sourcecode.swift; path = AppDelegate.swift; sourceTree = "<group>"; };
		210999DE1E8A011700F79981 /* ViewController.swift */ = {isa = PBXFileReference; lastKnownFileType = sourcecode.swift; path = ViewController.swift; sourceTree = "<group>"; };
		210999E11E8A011700F79981 /* Base */ = {isa = PBXFileReference; lastKnownFileType = file.storyboard; name = Base; path = Base.lproj/Main.storyboard; sourceTree = "<group>"; };
		210999E31E8A011700F79981 /* Assets.xcassets */ = {isa = PBXFileReference; lastKnownFileType = folder.assetcatalog; path = Assets.xcassets; sourceTree = "<group>"; };
		210999E61E8A011700F79981 /* Base */ = {isa = PBXFileReference; lastKnownFileType = file.storyboard; name = Base; path = Base.lproj/LaunchScreen.storyboard; sourceTree = "<group>"; };
		210999E81E8A011700F79981 /* Info.plist */ = {isa = PBXFileReference; lastKnownFileType = text.plist.xml; path = Info.plist; sourceTree = "<group>"; };
/* End PBXFileReference section */

/* Begin PBXFrameworksBuildPhase section */
		210999D61E8A011700F79981 /* Frameworks */ = {
			isa = PBXFrameworksBuildPhase;
			buildActionMask = 2147483647;
			files = (
			);
			runOnlyForDeploymentPostprocessing = 0;
		};
/* End PBXFrameworksBuildPhase section */

/* Begin PBXGroup section */
		210999D01E8A011700F79981 = {
			isa = PBXGroup;
			children = (
				210999DB1E8A011700F79981 /* NewProj */,
				210999DA1E8A011700F79981 /* Products */,
			);
			sourceTree = "<group>";
		};
		210999DA1E8A011700F79981 /* Products */ = {
			isa = PBXGroup;
			children = (
				210999D91E8A011700F79981 /* NewProj.app */,
			);
			name = Products;
			sourceTree = "<group>";
		};
		210999DB1E8A011700F79981 /* NewProj */ = {
			isa = PBXGroup;
			children = (
				210999DC1E8A011700F79981 /* AppDelegate.swift */,
				210999DE1E8A011700F79981 /* ViewController.swift */,
				210999E01E8A011700F79981 /* Main.storyboard */,
				210999E31E8A011700F79981 /* Assets.xcassets */,
				210999E51E8A011700F79981 /* LaunchScreen.storyboard */,
				210999E81E8A011700F79981 /* Info.plist */,
			);
			path = NewProj;
			sourceTree = "<group>";
		};
/* End PBXGroup section */

/* Begin PBXNativeTarget section */
		210999D81E8A011700F79981 /* NewProj */ = {
			isa = PBXNativeTarget;
			buildConfigurationList = 210999EB1E8A011700F79981 /* Build configuration list for PBXNativeTarget "NewProj" */;
			buildPhases = (
				210999D51E8A011700F79981 /* Sources */,
				210999D61E8A011700F79981 /* Frameworks */,
				210999D71E8A011700F79981 /* Resources */,
			);
			buildRules = (
			);
			dependencies = (
			);
			name = NewProj;
			productName = NewProj;
			productReference = 210999D91E8A011700F79981 /* NewProj.app */;
			productType = "com.apple.product-type.application";
		};
/* End PBXNativeTarget section */

/* Begin PBXProject section */
		210999D11E8A011700F79981 /* Project object */ = {
			isa = PBXProject;
			attributes = {
				LastSwiftUpdateCheck = 0820;
				LastUpgradeCheck = 0820;
				ORGANIZATIONNAME = "Andrew Pickett";
				TargetAttributes = {
					210999D81E8A011700F79981 = {
						CreatedOnToolsVersion = 8.2.1;
						ProvisioningStyle = Automatic;
					};
				};
			};
			buildConfigurationList = 210999D41E8A011700F79981 /* Build configuration list for PBXProject "NewProj" */;
			compatibilityVersion = "Xcode 3.2";
			developmentRegion = English;
			hasScannedForEncodings = 0;
			knownRegions = (
				en,
				Base,
			);
			mainGroup = 210999D01E8A011700F79981;
			productRefGroup = 210999DA1E8A011700F79981 /* Products */;
			projectDirPath = "";
			projectRoot = "";
			targets = (
				210999D81E8A011700F79981 /* NewProj */,
			);
		};
/* End PBXProject section */

/* Begin PBXResourcesBuildPhase section */
		210999D71E8A011700F79981 /* Resources */ = {
			isa = PBXResourcesBuildPhase;
			buildActionMask = 2147483647;
			files = (
				210999E71E8A011700F79981 /* LaunchScreen.storyboard in Resources */,
				210999E41E8A011700F79981 /* Assets.xcassets in Resources */,
				210999E21E8A011700F79981 /* Main.storyboard in Resources */,
			);
			runOnlyForDeploymentPostprocessing = 0;
		};
/* End PBXResourcesBuildPhase section */

/* Begin PBXSourcesBuildPhase section */
		210999D51E8A011700F79981 /* Sources */ = {
			isa = PBXSourcesBuildPhase;
			buildActionMask = 2147483647;
			files = (
				210999DF1E8A011700F79981 /* ViewController.swift in Sources */,
				210999DD1E8A011700F79981 /* AppDelegate.swift in Sources */,
			);
			runOnlyForDeploymentPostprocessing = 0;
		};
/* End PBXSourcesBuildPhase section */

/* Begin PBXVariantGroup section */
		210999E01E8A011700F79981 /* Main.storyboard */ = {
			isa = PBXVariantGroup;
			children = (
				210999E11E8A011700F79981 /* Base */,
			);
			name = Main.storyboard;
			sourceTree = "<group>";
		};
		210999E51E8A011700F79981 /* LaunchScreen.storyboard */ = {
			isa = PBXVariantGroup;
			children = (
				210999E61E8A011700F79981 /* Base */,
			);
			name = LaunchScreen.storyboard;
			sourceTree = "<group>";
		};
/* End PBXVariantGroup section */

/* Begin XCBuildConfiguration section */
		210999E91E8A011700F79981 /* Debug */ = {
			isa = XCBuildConfiguration;
			buildSettings = {
				ALWAYS_SEARCH_USER_PATHS = NO;
				CLANG_ANALYZER_NONNULL = YES;
				CLANG_CXX_LANGUAGE_STANDARD = "gnu++0x";
				CLANG_CXX_LIBRARY = "libc++";
				CLANG_ENABLE_MODULES = YES;
				CLANG_ENABLE_OBJC_ARC = YES;
				CLANG_WARN_BOOL_CONVERSION = YES;
				CLANG_WARN_CONSTANT_CONVERSION = YES;
				CLANG_WARN_DIRECT_OBJC_ISA_USAGE = YES_ERROR;
				CLANG_WARN_DOCUMENTATION_COMMENTS = YES;
				CLANG_WARN_EMPTY_BODY = YES;
				CLANG_WARN_ENUM_CONVERSION = YES;
				CLANG_WARN_INFINITE_RECURSION = YES;
				CLANG_WARN_INT_CONVERSION = YES;
				CLANG_WARN_OBJC_ROOT_CLASS = YES_ERROR;
				CLANG_WARN_SUSPICIOUS_MOVE = YES;
				CLANG_WARN_UNREACHABLE_CODE = YES;
				CLANG_WARN__DUPLICATE_METHOD_MATCH = YES;
				"CODE_SIGN_IDENTITY[sdk=iphoneos*]" = "iPhone Developer";
				COPY_PHASE_STRIP = NO;
				DEBUG_INFORMATION_FORMAT = dwarf;
				ENABLE_STRICT_OBJC_MSGSEND = YES;
				ENABLE_TESTABILITY = YES;
				GCC_C_LANGUAGE_STANDARD = gnu99;
				GCC_DYNAMIC_NO_PIC = NO;
				GCC_NO_COMMON_BLOCKS = YES;
				GCC_OPTIMIZATION_LEVEL = 0;
				GCC_PREPROCESSOR_DEFINITIONS = (
					"DEBUG=1",
					"$(inherited)",
				);
				GCC_WARN_64_TO_32_BIT_CONVERSION = YES;
				GCC_WARN_ABOUT_RETURN_TYPE = YES_ERROR;
				GCC_WARN_UNDECLARED_SELECTOR = YES;
				GCC_WARN_UNINITIALIZED_AUTOS = YES_AGGRESSIVE;
				GCC_WARN_UNUSED_FUNCTION = YES;
				GCC_WARN_UNUSED_VARIABLE = YES;
				IPHONEOS_DEPLOYMENT_TARGET = 10.2;
				MTL_ENABLE_DEBUG_INFO = YES;
				ONLY_ACTIVE_ARCH = YES;
				SDKROOT = iphoneos;
				SWIFT_ACTIVE_COMPILATION_CONDITIONS = DEBUG;
				SWIFT_OPTIMIZATION_LEVEL = "-Onone";
				TARGETED_DEVICE_FAMILY = "1,2";
			};
			name = Debug;
		};
		210999EA1E8A011700F79981 /* Release */ = {
			isa = XCBuildConfiguration;
			buildSettings = {
				ALWAYS_SEARCH_USER_PATHS = NO;
				CLANG_ANALYZER_NONNULL = YES;
				CLANG_CXX_LANGUAGE_STANDARD = "gnu++0x";
				CLANG_CXX_LIBRARY = "libc++";
				CLANG_ENABLE_MODULES = YES;
				CLANG_ENABLE_OBJC_ARC = YES;
				CLANG_WARN_BOOL_CONVERSION = YES;
				CLANG_WARN_CONSTANT_CONVERSION = YES;
				CLANG_WARN_DIRECT_OBJC_ISA_USAGE = YES_ERROR;
				CLANG_WARN_DOCUMENTATION_COMMENTS = YES;
				CLANG_WARN_EMPTY_BODY = YES;
				CLANG_WARN_ENUM_CONVERSION = YES;
				CLANG_WARN_INFINITE_RECURSION = YES;
				CLANG_WARN_INT_CONVERSION = YES;
				CLANG_WARN_OBJC_ROOT_CLASS = YES_ERROR;
				CLANG_WARN_SUSPICIOUS_MOVE = YES;
				CLANG_WARN_UNREACHABLE_CODE = YES;
				CLANG_WARN__DUPLICATE_METHOD_MATCH = YES;
				"CODE_SIGN_IDENTITY[sdk=iphoneos*]" = "iPhone Developer";
				COPY_PHASE_STRIP = NO;
				DEBUG_INFORMATION_FORMAT = "dwarf-with-dsym";
				ENABLE_NS_ASSERTIONS = NO;
				ENABLE_STRICT_OBJC_MSGSEND = YES;
				GCC_C_LANGUAGE_STANDARD = gnu99;
				GCC_NO_COMMON_BLOCKS = YES;
				GCC_WARN_64_TO_32_BIT_CONVERSION = YES;
				GCC_WARN_ABOUT_RETURN_TYPE = YES_ERROR;
				GCC_WARN_UNDECLARED_SELECTOR = YES;
				GCC_WARN_UNINITIALIZED_AUTOS = YES_AGGRESSIVE;
				GCC_WARN_UNUSED_FUNCTION = YES;
				GCC_WARN_UNUSED_VARIABLE = YES;
				IPHONEOS_DEPLOYMENT_TARGET = 10.2;
				MTL_ENABLE_DEBUG_INFO = NO;
				SDKROOT = iphoneos;
				SWIFT_OPTIMIZATION_LEVEL = "-Owholemodule";
				TARGETED_DEVICE_FAMILY = "1,2";
				VALIDATE_PRODUCT = YES;
			};
			name = Release;
		};
		210999EC1E8A011700F79981 /* Debug */ = {
			isa = XCBuildConfiguration;
			buildSettings = {
				ASSETCATALOG_COMPILER_APPICON_NAME = AppIcon;
				INFOPLIST_FILE = NewProj/Info.plist;
				LD_RUNPATH_SEARCH_PATHS = "$(inherited) @executable_path/Frameworks";
				PRODUCT_BUNDLE_IDENTIFIER = com.zappycode.NewProj;
				PRODUCT_NAME = "$(TARGET_NAME)";
				SWIFT_VERSION = 3.0;
			};
			name = Debug;
		};
		210999ED1E8A011700F79981 /* Release */ = {
			isa = XCBuildConfiguration;
			buildSettings = {
				ASSETCATALOG_COMPILER_APPICON_NAME = AppIcon;
				INFOPLIST_FILE = NewProj/Info.plist;
				LD_RUNPATH_SEARCH_PATHS = "$(inherited) @executable_path/Frameworks";
				PRODUCT_BUNDLE_IDENTIFIER = com.zappycode.NewProj;
				PRODUCT_NAME = "$(TARGET_NAME)";
				SWIFT_VERSION = 3.0;
			};
			name = Release;
		};
/* End XCBuildConfiguration section */

/* Begin XCConfigurationList section */
		210999D41E8A011700F79981 /* Build configuration list for PBXProject "NewProj" */ = {
			isa = XCConfigurationList;
			buildConfigurations = (
				210999E91E8A011700F79981 /* Debug */,
				210999EA1E8A011700F79981 /* Release */,
			);
			defaultConfigurationIsVisible = 0;
			defaultConfigurationName = Release;
		};
		210999EB1E8A011700F79981 /* Build configuration list for PBXNativeTarget "NewProj" */ = {
			isa = XCConfigurationList;
			buildConfigurations = (
				210999EC1E8A011700F79981 /* Debug */,
				210999ED1E8A011700F79981 /* Release */,
			);
			defaultConfigurationIsVisible = 0;
		};
/* End XCConfigurationList section */
	};
	rootObject = 210999D11E8A011700F79981 /* Project object */;
}
